// !$*UTF8*$!
{
	archiveVersion = 1;
	classes = {
	};
	objectVersion = 50;
	objects = {

/* Begin PBXBuildFile section */
		D4300344254C13DC002CD432 /* ProjectHeaderView.swift in Sources */ = {isa = PBXBuildFile; fileRef = D4300343254C13DC002CD432 /* ProjectHeaderView.swift */; };
		D4300347254C1A97002CD432 /* Colors.xcassets in Resources */ = {isa = PBXBuildFile; fileRef = D4300346254C1A97002CD432 /* Colors.xcassets */; };
		D430034B254C4213002CD432 /* EditProjectView.swift in Sources */ = {isa = PBXBuildFile; fileRef = D430034A254C4213002CD432 /* EditProjectView.swift */; };
		D43743CC255AAAA000F7A8ED /* SelectSomethingView.swift in Sources */ = {isa = PBXBuildFile; fileRef = D43743CB255AAAA000F7A8ED /* SelectSomethingView.swift */; };
		D447CCFE256D2851000FC661 /* ColorAdditions.swift in Sources */ = {isa = PBXBuildFile; fileRef = D447CCFD256D2851000FC661 /* ColorAdditions.swift */; };
		D4619DA525445EB100CC203C /* HomeView.swift in Sources */ = {isa = PBXBuildFile; fileRef = D4619DA425445EB100CC203C /* HomeView.swift */; };
		D4619DA92544603500CC203C /* ProjectsView.swift in Sources */ = {isa = PBXBuildFile; fileRef = D4619DA82544603500CC203C /* ProjectsView.swift */; };
		D4619DAC2545929800CC203C /* Item-CoreDataHelpers.swift in Sources */ = {isa = PBXBuildFile; fileRef = D4619DAB2545929800CC203C /* Item-CoreDataHelpers.swift */; };
		D4619DAF254594DA00CC203C /* Project-CoreDataHelpers.swift in Sources */ = {isa = PBXBuildFile; fileRef = D4619DAE254594DA00CC203C /* Project-CoreDataHelpers.swift */; };
		D46C15D72573D02E0024C1C0 /* Localizable.strings in Resources */ = {isa = PBXBuildFile; fileRef = D46C15D92573D02E0024C1C0 /* Localizable.strings */; };
		D46C15DB2573D1750024C1C0 /* Localizable.stringsdict in Resources */ = {isa = PBXBuildFile; fileRef = D46C15DD2573D1750024C1C0 /* Localizable.stringsdict */; };
		D46C15E02573D3580024C1C0 /* Awards.json in Resources */ = {isa = PBXBuildFile; fileRef = D46C15E22573D3580024C1C0 /* Awards.json */; };
		D488E04E254431AD00691AD7 /* UltimatePortfolioApp.swift in Sources */ = {isa = PBXBuildFile; fileRef = D488E04D254431AD00691AD7 /* UltimatePortfolioApp.swift */; };
		D488E050254431AD00691AD7 /* ContentView.swift in Sources */ = {isa = PBXBuildFile; fileRef = D488E04F254431AD00691AD7 /* ContentView.swift */; };
		D488E052254431AE00691AD7 /* Assets.xcassets in Resources */ = {isa = PBXBuildFile; fileRef = D488E051254431AE00691AD7 /* Assets.xcassets */; };
		D488E055254431AE00691AD7 /* Preview Assets.xcassets in Resources */ = {isa = PBXBuildFile; fileRef = D488E054254431AE00691AD7 /* Preview Assets.xcassets */; };
		D488E05F2544359600691AD7 /* Main.xcdatamodeld in Sources */ = {isa = PBXBuildFile; fileRef = D488E05D2544359600691AD7 /* Main.xcdatamodeld */; };
		D488E0622544397600691AD7 /* DataController.swift in Sources */ = {isa = PBXBuildFile; fileRef = D488E0612544397600691AD7 /* DataController.swift */; };
		D488E0692544479700691AD7 /* CloudKit.framework in Frameworks */ = {isa = PBXBuildFile; fileRef = D488E0682544479700691AD7 /* CloudKit.framework */; };
		D48D880325BEEDDE00A86E34 /* DevelopmentTests.swift in Sources */ = {isa = PBXBuildFile; fileRef = D48D880225BEEDDE00A86E34 /* DevelopmentTests.swift */; };
		D4A42AA925AF01960020DAE4 /* UltimatePortfolioTests.swift in Sources */ = {isa = PBXBuildFile; fileRef = D4A42AA825AF01960020DAE4 /* UltimatePortfolioTests.swift */; };
		D4A42AB325AF03FE0020DAE4 /* AssetTest.swift in Sources */ = {isa = PBXBuildFile; fileRef = D4A42AB225AF03FE0020DAE4 /* AssetTest.swift */; };
		D4AEF84B25822CBA00A1507C /* ItemListView.swift in Sources */ = {isa = PBXBuildFile; fileRef = D4AEF84A25822CBA00A1507C /* ItemListView.swift */; };
		D4AEF84E25822EAB00A1507C /* ProjectSummaryView.swift in Sources */ = {isa = PBXBuildFile; fileRef = D4AEF84D25822EAB00A1507C /* ProjectSummaryView.swift */; };
		D4B7A54325482E8400BC84E6 /* EditItemView.swift in Sources */ = {isa = PBXBuildFile; fileRef = D4B7A54225482E8400BC84E6 /* EditItemView.swift */; };
		D4B7A546254837D800BC84E6 /* ItemRowView.swift in Sources */ = {isa = PBXBuildFile; fileRef = D4B7A545254837D800BC84E6 /* ItemRowView.swift */; };
		D4B7A5492548651C00BC84E6 /* Binding-OnChange.swift in Sources */ = {isa = PBXBuildFile; fileRef = D4B7A5482548651C00BC84E6 /* Binding-OnChange.swift */; };
		D4D7833325B873150074A5E6 /* ProjectTests.swift in Sources */ = {isa = PBXBuildFile; fileRef = D4D7833225B873150074A5E6 /* ProjectTests.swift */; };
		D4D7833925B87E870074A5E6 /* AwardTests.swift in Sources */ = {isa = PBXBuildFile; fileRef = D4D7833825B87E870074A5E6 /* AwardTests.swift */; };
		D4DFDDB625CAB4E5007DFB4A /* Sequence-Sorting.swift in Sources */ = {isa = PBXBuildFile; fileRef = D4DFDDB525CAB4E5007DFB4A /* Sequence-Sorting.swift */; };
		D4DFDDBA25CADDB2007DFB4A /* ExtensionTests.swift in Sources */ = {isa = PBXBuildFile; fileRef = D4DFDDB925CADDB2007DFB4A /* ExtensionTests.swift */; };
		D4DFDDBF25CAE28B007DFB4A /* DecodableDictionary.json in Resources */ = {isa = PBXBuildFile; fileRef = D4DFDDBE25CAE28B007DFB4A /* DecodableDictionary.json */; };
		D4DFDDC525CAE2F2007DFB4A /* DecodableString.json in Resources */ = {isa = PBXBuildFile; fileRef = D4DFDDC425CAE2F2007DFB4A /* DecodableString.json */; };
		D4E0EF942598D59F00FF5F49 /* README.md in Resources */ = {isa = PBXBuildFile; fileRef = D4E0EF932598D59F00FF5F49 /* README.md */; };
		D4F3452A255EB618001F1073 /* Bundle-Decodable.swift in Sources */ = {isa = PBXBuildFile; fileRef = D4F34529255EB618001F1073 /* Bundle-Decodable.swift */; };
		D4F34530255ECEA3001F1073 /* Award.swift in Sources */ = {isa = PBXBuildFile; fileRef = D4F3452F255ECEA3001F1073 /* Award.swift */; };
		D4F34533255ECFE0001F1073 /* AwardsView.swift in Sources */ = {isa = PBXBuildFile; fileRef = D4F34532255ECFE0001F1073 /* AwardsView.swift */; };
/* End PBXBuildFile section */

/* Begin PBXContainerItemProxy section */
		D4A42AAB25AF01960020DAE4 /* PBXContainerItemProxy */ = {
			isa = PBXContainerItemProxy;
			containerPortal = D488E042254431AD00691AD7 /* Project object */;
			proxyType = 1;
			remoteGlobalIDString = D488E049254431AD00691AD7;
			remoteInfo = UltimatePortfolio;
		};
/* End PBXContainerItemProxy section */

/* Begin PBXFileReference section */
		D4300343254C13DC002CD432 /* ProjectHeaderView.swift */ = {isa = PBXFileReference; lastKnownFileType = sourcecode.swift; path = ProjectHeaderView.swift; sourceTree = "<group>"; };
		D4300346254C1A97002CD432 /* Colors.xcassets */ = {isa = PBXFileReference; lastKnownFileType = folder.assetcatalog; path = Colors.xcassets; sourceTree = "<group>"; };
		D430034A254C4213002CD432 /* EditProjectView.swift */ = {isa = PBXFileReference; lastKnownFileType = sourcecode.swift; path = EditProjectView.swift; sourceTree = "<group>"; };
		D43743CB255AAAA000F7A8ED /* SelectSomethingView.swift */ = {isa = PBXFileReference; lastKnownFileType = sourcecode.swift; path = SelectSomethingView.swift; sourceTree = "<group>"; };
		D447CCFD256D2851000FC661 /* ColorAdditions.swift */ = {isa = PBXFileReference; lastKnownFileType = sourcecode.swift; path = ColorAdditions.swift; sourceTree = "<group>"; };
		D4619DA425445EB100CC203C /* HomeView.swift */ = {isa = PBXFileReference; lastKnownFileType = sourcecode.swift; path = HomeView.swift; sourceTree = "<group>"; };
		D4619DA82544603500CC203C /* ProjectsView.swift */ = {isa = PBXFileReference; lastKnownFileType = sourcecode.swift; path = ProjectsView.swift; sourceTree = "<group>"; };
		D4619DAB2545929800CC203C /* Item-CoreDataHelpers.swift */ = {isa = PBXFileReference; lastKnownFileType = sourcecode.swift; path = "Item-CoreDataHelpers.swift"; sourceTree = "<group>"; };
		D4619DAE254594DA00CC203C /* Project-CoreDataHelpers.swift */ = {isa = PBXFileReference; lastKnownFileType = sourcecode.swift; path = "Project-CoreDataHelpers.swift"; sourceTree = "<group>"; };
		D46C15D82573D02E0024C1C0 /* en */ = {isa = PBXFileReference; lastKnownFileType = text.plist.strings; name = en; path = en.lproj/Localizable.strings; sourceTree = "<group>"; };
		D46C15DA2573D04C0024C1C0 /* hu */ = {isa = PBXFileReference; lastKnownFileType = text.plist.strings; name = hu; path = hu.lproj/Localizable.strings; sourceTree = "<group>"; };
		D46C15DC2573D1750024C1C0 /* en */ = {isa = PBXFileReference; lastKnownFileType = text.plist.stringsdict; name = en; path = en.lproj/Localizable.stringsdict; sourceTree = "<group>"; };
		D46C15DE2573D17D0024C1C0 /* hu */ = {isa = PBXFileReference; lastKnownFileType = text.plist.stringsdict; name = hu; path = hu.lproj/Localizable.stringsdict; sourceTree = "<group>"; };
		D46C15E12573D3580024C1C0 /* Base */ = {isa = PBXFileReference; lastKnownFileType = text.json; name = Base; path = Base.lproj/Awards.json; sourceTree = "<group>"; };
		D46C15E32573D3650024C1C0 /* hu */ = {isa = PBXFileReference; lastKnownFileType = text.json; name = hu; path = hu.lproj/Awards.json; sourceTree = "<group>"; };
		D488E04A254431AD00691AD7 /* UltimatePortfolio.app */ = {isa = PBXFileReference; explicitFileType = wrapper.application; includeInIndex = 0; path = UltimatePortfolio.app; sourceTree = BUILT_PRODUCTS_DIR; };
		D488E04D254431AD00691AD7 /* UltimatePortfolioApp.swift */ = {isa = PBXFileReference; lastKnownFileType = sourcecode.swift; path = UltimatePortfolioApp.swift; sourceTree = "<group>"; };
		D488E04F254431AD00691AD7 /* ContentView.swift */ = {isa = PBXFileReference; lastKnownFileType = sourcecode.swift; path = ContentView.swift; sourceTree = "<group>"; };
		D488E051254431AE00691AD7 /* Assets.xcassets */ = {isa = PBXFileReference; lastKnownFileType = folder.assetcatalog; path = Assets.xcassets; sourceTree = "<group>"; };
		D488E054254431AE00691AD7 /* Preview Assets.xcassets */ = {isa = PBXFileReference; lastKnownFileType = folder.assetcatalog; path = "Preview Assets.xcassets"; sourceTree = "<group>"; };
		D488E056254431AE00691AD7 /* Info.plist */ = {isa = PBXFileReference; lastKnownFileType = text.plist.xml; path = Info.plist; sourceTree = "<group>"; };
		D488E05E2544359600691AD7 /* Main.xcdatamodel */ = {isa = PBXFileReference; lastKnownFileType = wrapper.xcdatamodel; path = Main.xcdatamodel; sourceTree = "<group>"; };
		D488E0612544397600691AD7 /* DataController.swift */ = {isa = PBXFileReference; lastKnownFileType = sourcecode.swift; path = DataController.swift; sourceTree = "<group>"; };
		D488E0652544476700691AD7 /* UltimatePortfolio.entitlements */ = {isa = PBXFileReference; lastKnownFileType = text.plist.entitlements; path = UltimatePortfolio.entitlements; sourceTree = "<group>"; };
		D488E0682544479700691AD7 /* CloudKit.framework */ = {isa = PBXFileReference; lastKnownFileType = wrapper.framework; name = CloudKit.framework; path = System/Library/Frameworks/CloudKit.framework; sourceTree = SDKROOT; };
		D48D880225BEEDDE00A86E34 /* DevelopmentTests.swift */ = {isa = PBXFileReference; lastKnownFileType = sourcecode.swift; name = DevelopmentTests.swift; path = UltimatePortfolioTests/DevelopmentTests.swift; sourceTree = "<group>"; };
		D4A42AA625AF01960020DAE4 /* UltimatePortfolioTests.xctest */ = {isa = PBXFileReference; explicitFileType = wrapper.cfbundle; includeInIndex = 0; path = UltimatePortfolioTests.xctest; sourceTree = BUILT_PRODUCTS_DIR; };
		D4A42AA825AF01960020DAE4 /* UltimatePortfolioTests.swift */ = {isa = PBXFileReference; lastKnownFileType = sourcecode.swift; path = UltimatePortfolioTests.swift; sourceTree = "<group>"; };
		D4A42AAA25AF01960020DAE4 /* Info.plist */ = {isa = PBXFileReference; lastKnownFileType = text.plist.xml; path = Info.plist; sourceTree = "<group>"; };
		D4A42AB225AF03FE0020DAE4 /* AssetTest.swift */ = {isa = PBXFileReference; lastKnownFileType = sourcecode.swift; path = AssetTest.swift; sourceTree = "<group>"; };
		D4AEF84A25822CBA00A1507C /* ItemListView.swift */ = {isa = PBXFileReference; lastKnownFileType = sourcecode.swift; path = ItemListView.swift; sourceTree = "<group>"; };
		D4AEF84D25822EAB00A1507C /* ProjectSummaryView.swift */ = {isa = PBXFileReference; lastKnownFileType = sourcecode.swift; path = ProjectSummaryView.swift; sourceTree = "<group>"; };
		D4B7A54225482E8400BC84E6 /* EditItemView.swift */ = {isa = PBXFileReference; lastKnownFileType = sourcecode.swift; path = EditItemView.swift; sourceTree = "<group>"; };
		D4B7A545254837D800BC84E6 /* ItemRowView.swift */ = {isa = PBXFileReference; lastKnownFileType = sourcecode.swift; path = ItemRowView.swift; sourceTree = "<group>"; };
		D4B7A5482548651C00BC84E6 /* Binding-OnChange.swift */ = {isa = PBXFileReference; lastKnownFileType = sourcecode.swift; path = "Binding-OnChange.swift"; sourceTree = "<group>"; };
		D4D7833225B873150074A5E6 /* ProjectTests.swift */ = {isa = PBXFileReference; lastKnownFileType = sourcecode.swift; path = ProjectTests.swift; sourceTree = "<group>"; };
		D4D7833825B87E870074A5E6 /* AwardTests.swift */ = {isa = PBXFileReference; lastKnownFileType = sourcecode.swift; path = AwardTests.swift; sourceTree = "<group>"; };
		D4DFDDB525CAB4E5007DFB4A /* Sequence-Sorting.swift */ = {isa = PBXFileReference; lastKnownFileType = sourcecode.swift; path = "Sequence-Sorting.swift"; sourceTree = "<group>"; };
		D4DFDDB925CADDB2007DFB4A /* ExtensionTests.swift */ = {isa = PBXFileReference; lastKnownFileType = sourcecode.swift; path = ExtensionTests.swift; sourceTree = "<group>"; };
		D4DFDDBE25CAE28B007DFB4A /* DecodableDictionary.json */ = {isa = PBXFileReference; lastKnownFileType = text.json; path = DecodableDictionary.json; sourceTree = "<group>"; };
		D4DFDDC425CAE2F2007DFB4A /* DecodableString.json */ = {isa = PBXFileReference; lastKnownFileType = text.json; path = DecodableString.json; sourceTree = "<group>"; };
		D4E0EF932598D59F00FF5F49 /* README.md */ = {isa = PBXFileReference; lastKnownFileType = net.daringfireball.markdown; path = README.md; sourceTree = SOURCE_ROOT; };
		D4F34529255EB618001F1073 /* Bundle-Decodable.swift */ = {isa = PBXFileReference; lastKnownFileType = sourcecode.swift; path = "Bundle-Decodable.swift"; sourceTree = "<group>"; };
		D4F3452F255ECEA3001F1073 /* Award.swift */ = {isa = PBXFileReference; lastKnownFileType = sourcecode.swift; path = Award.swift; sourceTree = "<group>"; };
		D4F34532255ECFE0001F1073 /* AwardsView.swift */ = {isa = PBXFileReference; lastKnownFileType = sourcecode.swift; path = AwardsView.swift; sourceTree = "<group>"; };
/* End PBXFileReference section */

/* Begin PBXFrameworksBuildPhase section */
		D488E047254431AD00691AD7 /* Frameworks */ = {
			isa = PBXFrameworksBuildPhase;
			buildActionMask = 2147483647;
			files = (
				D488E0692544479700691AD7 /* CloudKit.framework in Frameworks */,
			);
			runOnlyForDeploymentPostprocessing = 0;
		};
		D4A42AA325AF01960020DAE4 /* Frameworks */ = {
			isa = PBXFrameworksBuildPhase;
			buildActionMask = 2147483647;
			files = (
			);
			runOnlyForDeploymentPostprocessing = 0;
		};
/* End PBXFrameworksBuildPhase section */

/* Begin PBXGroup section */
		D4806C5225A87DBD000D4C71 /* Activities */ = {
			isa = PBXGroup;
			children = (
				D4806C5525A87E59000D4C71 /* Home */,
				D4806C5625A87E69000D4C71 /* Projects */,
				D4806C5725A87E75000D4C71 /* Awards */,
			);
			path = Activities;
			sourceTree = "<group>";
		};
		D4806C5325A87DCC000D4C71 /* Extensions */ = {
			isa = PBXGroup;
			children = (
				D4619DAE254594DA00CC203C /* Project-CoreDataHelpers.swift */,
				D4619DAB2545929800CC203C /* Item-CoreDataHelpers.swift */,
				D447CCFD256D2851000FC661 /* ColorAdditions.swift */,
				D4B7A5482548651C00BC84E6 /* Binding-OnChange.swift */,
				D4F34529255EB618001F1073 /* Bundle-Decodable.swift */,
				D4DFDDB525CAB4E5007DFB4A /* Sequence-Sorting.swift */,
			);
			path = Extensions;
			sourceTree = "<group>";
		};
		D4806C5525A87E59000D4C71 /* Home */ = {
			isa = PBXGroup;
			children = (
				D4AEF84D25822EAB00A1507C /* ProjectSummaryView.swift */,
				D4AEF84A25822CBA00A1507C /* ItemListView.swift */,
				D4619DA425445EB100CC203C /* HomeView.swift */,
			);
			path = Home;
			sourceTree = "<group>";
		};
		D4806C5625A87E69000D4C71 /* Projects */ = {
			isa = PBXGroup;
			children = (
				D43743CB255AAAA000F7A8ED /* SelectSomethingView.swift */,
				D4300343254C13DC002CD432 /* ProjectHeaderView.swift */,
				D430034A254C4213002CD432 /* EditProjectView.swift */,
				D4B7A545254837D800BC84E6 /* ItemRowView.swift */,
				D4B7A54225482E8400BC84E6 /* EditItemView.swift */,
				D4619DA82544603500CC203C /* ProjectsView.swift */,
			);
			path = Projects;
			sourceTree = "<group>";
		};
		D4806C5725A87E75000D4C71 /* Awards */ = {
			isa = PBXGroup;
			children = (
				D4F3452F255ECEA3001F1073 /* Award.swift */,
				D46C15E22573D3580024C1C0 /* Awards.json */,
				D4F34532255ECFE0001F1073 /* AwardsView.swift */,
			);
			path = Awards;
			sourceTree = "<group>";
		};
		D4806C5A25A880B8000D4C71 /* Localization */ = {
			isa = PBXGroup;
			children = (
				D46C15D92573D02E0024C1C0 /* Localizable.strings */,
				D46C15DD2573D1750024C1C0 /* Localizable.stringsdict */,
			);
			path = Localization;
			sourceTree = "<group>";
		};
		D4806C5B25A880E8000D4C71 /* Configuration */ = {
			isa = PBXGroup;
			children = (
			);
			path = Configuration;
			sourceTree = "<group>";
		};
		D488E041254431AD00691AD7 = {
			isa = PBXGroup;
			children = (
				D48D880225BEEDDE00A86E34 /* DevelopmentTests.swift */,
				D488E04C254431AD00691AD7 /* UltimatePortfolio */,
				D4A42AA725AF01960020DAE4 /* UltimatePortfolioTests */,
				D488E04B254431AD00691AD7 /* Products */,
				D488E0672544479700691AD7 /* Frameworks */,
			);
			sourceTree = "<group>";
		};
		D488E04B254431AD00691AD7 /* Products */ = {
			isa = PBXGroup;
			children = (
				D488E04A254431AD00691AD7 /* UltimatePortfolio.app */,
				D4A42AA625AF01960020DAE4 /* UltimatePortfolioTests.xctest */,
			);
			name = Products;
			sourceTree = "<group>";
		};
		D488E04C254431AD00691AD7 /* UltimatePortfolio */ = {
			isa = PBXGroup;
			children = (
				D488E0612544397600691AD7 /* DataController.swift */,
				D488E04D254431AD00691AD7 /* UltimatePortfolioApp.swift */,
				D488E051254431AE00691AD7 /* Assets.xcassets */,
				D4300346254C1A97002CD432 /* Colors.xcassets */,
				D488E04F254431AD00691AD7 /* ContentView.swift */,
				D4806C5225A87DBD000D4C71 /* Activities */,
				D4806C5B25A880E8000D4C71 /* Configuration */,
				D4806C5325A87DCC000D4C71 /* Extensions */,
				D4806C5A25A880B8000D4C71 /* Localization */,
				D488E05D2544359600691AD7 /* Main.xcdatamodeld */,
				D488E056254431AE00691AD7 /* Info.plist */,
				D488E053254431AE00691AD7 /* Preview Content */,
				D4E0EF932598D59F00FF5F49 /* README.md */,
				D488E0652544476700691AD7 /* UltimatePortfolio.entitlements */,
			);
			path = UltimatePortfolio;
			sourceTree = "<group>";
		};
		D488E053254431AE00691AD7 /* Preview Content */ = {
			isa = PBXGroup;
			children = (
				D488E054254431AE00691AD7 /* Preview Assets.xcassets */,
			);
			path = "Preview Content";
			sourceTree = "<group>";
		};
		D488E0672544479700691AD7 /* Frameworks */ = {
			isa = PBXGroup;
			children = (
				D488E0682544479700691AD7 /* CloudKit.framework */,
			);
			name = Frameworks;
			sourceTree = "<group>";
		};
		D4A42AA725AF01960020DAE4 /* UltimatePortfolioTests */ = {
			isa = PBXGroup;
			children = (
				D4DFDDBD25CAE24A007DFB4A /* Fixtures */,
				D4D7833825B87E870074A5E6 /* AwardTests.swift */,
				D4A42AA825AF01960020DAE4 /* UltimatePortfolioTests.swift */,
				D4D7833225B873150074A5E6 /* ProjectTests.swift */,
				D4A42AB225AF03FE0020DAE4 /* AssetTest.swift */,
				D4A42AAA25AF01960020DAE4 /* Info.plist */,
				D4DFDDB925CADDB2007DFB4A /* ExtensionTests.swift */,
			);
			path = UltimatePortfolioTests;
			sourceTree = "<group>";
		};
		D4DFDDBD25CAE24A007DFB4A /* Fixtures */ = {
			isa = PBXGroup;
			children = (
				D4DFDDBE25CAE28B007DFB4A /* DecodableDictionary.json */,
				D4DFDDC425CAE2F2007DFB4A /* DecodableString.json */,
			);
			path = Fixtures;
			sourceTree = "<group>";
		};
/* End PBXGroup section */

/* Begin PBXNativeTarget section */
		D488E049254431AD00691AD7 /* UltimatePortfolio */ = {
			isa = PBXNativeTarget;
			buildConfigurationList = D488E059254431AE00691AD7 /* Build configuration list for PBXNativeTarget "UltimatePortfolio" */;
			buildPhases = (
				D488E046254431AD00691AD7 /* Sources */,
				D488E047254431AD00691AD7 /* Frameworks */,
				D488E048254431AD00691AD7 /* Resources */,
				D4CBE9B92590F20F0077BCA6 /* SwiftLint */,
			);
			buildRules = (
			);
			dependencies = (
			);
			name = UltimatePortfolio;
			productName = UltimatePortfolio;
			productReference = D488E04A254431AD00691AD7 /* UltimatePortfolio.app */;
			productType = "com.apple.product-type.application";
		};
		D4A42AA525AF01960020DAE4 /* UltimatePortfolioTests */ = {
			isa = PBXNativeTarget;
			buildConfigurationList = D4A42AAF25AF01960020DAE4 /* Build configuration list for PBXNativeTarget "UltimatePortfolioTests" */;
			buildPhases = (
				D4A42AA225AF01960020DAE4 /* Sources */,
				D4A42AA325AF01960020DAE4 /* Frameworks */,
				D4A42AA425AF01960020DAE4 /* Resources */,
			);
			buildRules = (
			);
			dependencies = (
				D4A42AAC25AF01960020DAE4 /* PBXTargetDependency */,
			);
			name = UltimatePortfolioTests;
			productName = UltimatePortfolioTests;
			productReference = D4A42AA625AF01960020DAE4 /* UltimatePortfolioTests.xctest */;
			productType = "com.apple.product-type.bundle.unit-test";
		};
/* End PBXNativeTarget section */

/* Begin PBXProject section */
		D488E042254431AD00691AD7 /* Project object */ = {
			isa = PBXProject;
			attributes = {
				LastSwiftUpdateCheck = 1230;
				LastUpgradeCheck = 1230;
				TargetAttributes = {
					D488E049254431AD00691AD7 = {
						CreatedOnToolsVersion = 12.1;
					};
					D4A42AA525AF01960020DAE4 = {
						CreatedOnToolsVersion = 12.3;
						TestTargetID = D488E049254431AD00691AD7;
					};
				};
			};
			buildConfigurationList = D488E045254431AD00691AD7 /* Build configuration list for PBXProject "UltimatePortfolio" */;
			compatibilityVersion = "Xcode 9.3";
			developmentRegion = en;
			hasScannedForEncodings = 0;
			knownRegions = (
				en,
				Base,
				hu,
			);
			mainGroup = D488E041254431AD00691AD7;
			productRefGroup = D488E04B254431AD00691AD7 /* Products */;
			projectDirPath = "";
			projectRoot = "";
			targets = (
				D488E049254431AD00691AD7 /* UltimatePortfolio */,
				D4A42AA525AF01960020DAE4 /* UltimatePortfolioTests */,
			);
		};
/* End PBXProject section */

/* Begin PBXResourcesBuildPhase section */
		D488E048254431AD00691AD7 /* Resources */ = {
			isa = PBXResourcesBuildPhase;
			buildActionMask = 2147483647;
			files = (
				D46C15D72573D02E0024C1C0 /* Localizable.strings in Resources */,
				D4300347254C1A97002CD432 /* Colors.xcassets in Resources */,
				D46C15E02573D3580024C1C0 /* Awards.json in Resources */,
				D4E0EF942598D59F00FF5F49 /* README.md in Resources */,
				D488E055254431AE00691AD7 /* Preview Assets.xcassets in Resources */,
				D488E052254431AE00691AD7 /* Assets.xcassets in Resources */,
				D46C15DB2573D1750024C1C0 /* Localizable.stringsdict in Resources */,
			);
			runOnlyForDeploymentPostprocessing = 0;
		};
		D4A42AA425AF01960020DAE4 /* Resources */ = {
			isa = PBXResourcesBuildPhase;
			buildActionMask = 2147483647;
			files = (
				D4DFDDC525CAE2F2007DFB4A /* DecodableString.json in Resources */,
				D4DFDDBF25CAE28B007DFB4A /* DecodableDictionary.json in Resources */,
			);
			runOnlyForDeploymentPostprocessing = 0;
		};
/* End PBXResourcesBuildPhase section */

/* Begin PBXShellScriptBuildPhase section */
		D4CBE9B92590F20F0077BCA6 /* SwiftLint */ = {
			isa = PBXShellScriptBuildPhase;
			buildActionMask = 2147483647;
			files = (
			);
			inputFileListPaths = (
			);
			inputPaths = (
			);
			name = SwiftLint;
			outputFileListPaths = (
			);
			outputPaths = (
			);
			runOnlyForDeploymentPostprocessing = 0;
			shellPath = /bin/sh;
			shellScript = "# Type a script or drag a script file from your workspace to insert its path.\nif which swiftlint >/dev/null; then\n  swiftlint\nelse\n  echo \"warning: SwiftLint not installed, download from https://github.com/realm/SwiftLint\"\nfi\n";
		};
/* End PBXShellScriptBuildPhase section */

/* Begin PBXSourcesBuildPhase section */
		D488E046254431AD00691AD7 /* Sources */ = {
			isa = PBXSourcesBuildPhase;
			buildActionMask = 2147483647;
			files = (
				D4619DA92544603500CC203C /* ProjectsView.swift in Sources */,
				D447CCFE256D2851000FC661 /* ColorAdditions.swift in Sources */,
				D4300344254C13DC002CD432 /* ProjectHeaderView.swift in Sources */,
				D4F3452A255EB618001F1073 /* Bundle-Decodable.swift in Sources */,
				D488E05F2544359600691AD7 /* Main.xcdatamodeld in Sources */,
				D4AEF84B25822CBA00A1507C /* ItemListView.swift in Sources */,
				D43743CC255AAAA000F7A8ED /* SelectSomethingView.swift in Sources */,
				D4F34530255ECEA3001F1073 /* Award.swift in Sources */,
				D4F34533255ECFE0001F1073 /* AwardsView.swift in Sources */,
				D4DFDDB625CAB4E5007DFB4A /* Sequence-Sorting.swift in Sources */,
				D4619DAF254594DA00CC203C /* Project-CoreDataHelpers.swift in Sources */,
				D430034B254C4213002CD432 /* EditProjectView.swift in Sources */,
				D4AEF84E25822EAB00A1507C /* ProjectSummaryView.swift in Sources */,
				D488E0622544397600691AD7 /* DataController.swift in Sources */,
				D4B7A546254837D800BC84E6 /* ItemRowView.swift in Sources */,
				D488E050254431AD00691AD7 /* ContentView.swift in Sources */,
				D4B7A5492548651C00BC84E6 /* Binding-OnChange.swift in Sources */,
				D4619DA525445EB100CC203C /* HomeView.swift in Sources */,
				D488E04E254431AD00691AD7 /* UltimatePortfolioApp.swift in Sources */,
				D4619DAC2545929800CC203C /* Item-CoreDataHelpers.swift in Sources */,
				D4B7A54325482E8400BC84E6 /* EditItemView.swift in Sources */,
			);
			runOnlyForDeploymentPostprocessing = 0;
		};
		D4A42AA225AF01960020DAE4 /* Sources */ = {
			isa = PBXSourcesBuildPhase;
			buildActionMask = 2147483647;
			files = (
				D4A42AB325AF03FE0020DAE4 /* AssetTest.swift in Sources */,
				D4D7833925B87E870074A5E6 /* AwardTests.swift in Sources */,
				D4A42AA925AF01960020DAE4 /* UltimatePortfolioTests.swift in Sources */,
				D4DFDDBA25CADDB2007DFB4A /* ExtensionTests.swift in Sources */,
				D4D7833325B873150074A5E6 /* ProjectTests.swift in Sources */,
				D48D880325BEEDDE00A86E34 /* DevelopmentTests.swift in Sources */,
			);
			runOnlyForDeploymentPostprocessing = 0;
		};
/* End PBXSourcesBuildPhase section */

/* Begin PBXTargetDependency section */
		D4A42AAC25AF01960020DAE4 /* PBXTargetDependency */ = {
			isa = PBXTargetDependency;
			target = D488E049254431AD00691AD7 /* UltimatePortfolio */;
			targetProxy = D4A42AAB25AF01960020DAE4 /* PBXContainerItemProxy */;
		};
/* End PBXTargetDependency section */

/* Begin PBXVariantGroup section */
		D46C15D92573D02E0024C1C0 /* Localizable.strings */ = {
			isa = PBXVariantGroup;
			children = (
				D46C15D82573D02E0024C1C0 /* en */,
				D46C15DA2573D04C0024C1C0 /* hu */,
			);
			name = Localizable.strings;
			sourceTree = "<group>";
		};
		D46C15DD2573D1750024C1C0 /* Localizable.stringsdict */ = {
			isa = PBXVariantGroup;
			children = (
				D46C15DC2573D1750024C1C0 /* en */,
				D46C15DE2573D17D0024C1C0 /* hu */,
			);
			name = Localizable.stringsdict;
			sourceTree = "<group>";
		};
		D46C15E22573D3580024C1C0 /* Awards.json */ = {
			isa = PBXVariantGroup;
			children = (
				D46C15E12573D3580024C1C0 /* Base */,
				D46C15E32573D3650024C1C0 /* hu */,
			);
			name = Awards.json;
			sourceTree = "<group>";
		};
/* End PBXVariantGroup section */

/* Begin XCBuildConfiguration section */
		D488E057254431AE00691AD7 /* Debug */ = {
			isa = XCBuildConfiguration;
			buildSettings = {
				ALWAYS_SEARCH_USER_PATHS = NO;
				CLANG_ANALYZER_LOCALIZABILITY_NONLOCALIZED = YES;
				CLANG_ANALYZER_NONNULL = YES;
				CLANG_ANALYZER_NUMBER_OBJECT_CONVERSION = YES_AGGRESSIVE;
				CLANG_CXX_LANGUAGE_STANDARD = "gnu++14";
				CLANG_CXX_LIBRARY = "libc++";
				CLANG_ENABLE_MODULES = YES;
				CLANG_ENABLE_OBJC_ARC = YES;
				CLANG_ENABLE_OBJC_WEAK = YES;
				CLANG_WARN_BLOCK_CAPTURE_AUTORELEASING = YES;
				CLANG_WARN_BOOL_CONVERSION = YES;
				CLANG_WARN_COMMA = YES;
				CLANG_WARN_CONSTANT_CONVERSION = YES;
				CLANG_WARN_DEPRECATED_OBJC_IMPLEMENTATIONS = YES;
				CLANG_WARN_DIRECT_OBJC_ISA_USAGE = YES_ERROR;
				CLANG_WARN_DOCUMENTATION_COMMENTS = YES;
				CLANG_WARN_EMPTY_BODY = YES;
				CLANG_WARN_ENUM_CONVERSION = YES;
				CLANG_WARN_INFINITE_RECURSION = YES;
				CLANG_WARN_INT_CONVERSION = YES;
				CLANG_WARN_NON_LITERAL_NULL_CONVERSION = YES;
				CLANG_WARN_OBJC_IMPLICIT_RETAIN_SELF = YES;
				CLANG_WARN_OBJC_LITERAL_CONVERSION = YES;
				CLANG_WARN_OBJC_ROOT_CLASS = YES_ERROR;
				CLANG_WARN_QUOTED_INCLUDE_IN_FRAMEWORK_HEADER = YES;
				CLANG_WARN_RANGE_LOOP_ANALYSIS = YES;
				CLANG_WARN_STRICT_PROTOTYPES = YES;
				CLANG_WARN_SUSPICIOUS_MOVE = YES;
				CLANG_WARN_UNGUARDED_AVAILABILITY = YES_AGGRESSIVE;
				CLANG_WARN_UNREACHABLE_CODE = YES;
				CLANG_WARN__DUPLICATE_METHOD_MATCH = YES;
				COPY_PHASE_STRIP = NO;
				DEBUG_INFORMATION_FORMAT = dwarf;
				ENABLE_STRICT_OBJC_MSGSEND = YES;
				ENABLE_TESTABILITY = YES;
				GCC_C_LANGUAGE_STANDARD = gnu11;
				GCC_DYNAMIC_NO_PIC = NO;
				GCC_NO_COMMON_BLOCKS = YES;
				GCC_OPTIMIZATION_LEVEL = 0;
				GCC_PREPROCESSOR_DEFINITIONS = (
					"DEBUG=1",
					"$(inherited)",
				);
				GCC_WARN_64_TO_32_BIT_CONVERSION = YES;
				GCC_WARN_ABOUT_RETURN_TYPE = YES_ERROR;
				GCC_WARN_UNDECLARED_SELECTOR = YES;
				GCC_WARN_UNINITIALIZED_AUTOS = YES_AGGRESSIVE;
				GCC_WARN_UNUSED_FUNCTION = YES;
				GCC_WARN_UNUSED_VARIABLE = YES;
				IPHONEOS_DEPLOYMENT_TARGET = 14.1;
				MTL_ENABLE_DEBUG_INFO = INCLUDE_SOURCE;
				MTL_FAST_MATH = YES;
				ONLY_ACTIVE_ARCH = YES;
				SDKROOT = iphoneos;
				SWIFT_ACTIVE_COMPILATION_CONDITIONS = DEBUG;
				SWIFT_OPTIMIZATION_LEVEL = "-Onone";
			};
			name = Debug;
		};
		D488E058254431AE00691AD7 /* Release */ = {
			isa = XCBuildConfiguration;
			buildSettings = {
				ALWAYS_SEARCH_USER_PATHS = NO;
				CLANG_ANALYZER_LOCALIZABILITY_NONLOCALIZED = YES;
				CLANG_ANALYZER_NONNULL = YES;
				CLANG_ANALYZER_NUMBER_OBJECT_CONVERSION = YES_AGGRESSIVE;
				CLANG_CXX_LANGUAGE_STANDARD = "gnu++14";
				CLANG_CXX_LIBRARY = "libc++";
				CLANG_ENABLE_MODULES = YES;
				CLANG_ENABLE_OBJC_ARC = YES;
				CLANG_ENABLE_OBJC_WEAK = YES;
				CLANG_WARN_BLOCK_CAPTURE_AUTORELEASING = YES;
				CLANG_WARN_BOOL_CONVERSION = YES;
				CLANG_WARN_COMMA = YES;
				CLANG_WARN_CONSTANT_CONVERSION = YES;
				CLANG_WARN_DEPRECATED_OBJC_IMPLEMENTATIONS = YES;
				CLANG_WARN_DIRECT_OBJC_ISA_USAGE = YES_ERROR;
				CLANG_WARN_DOCUMENTATION_COMMENTS = YES;
				CLANG_WARN_EMPTY_BODY = YES;
				CLANG_WARN_ENUM_CONVERSION = YES;
				CLANG_WARN_INFINITE_RECURSION = YES;
				CLANG_WARN_INT_CONVERSION = YES;
				CLANG_WARN_NON_LITERAL_NULL_CONVERSION = YES;
				CLANG_WARN_OBJC_IMPLICIT_RETAIN_SELF = YES;
				CLANG_WARN_OBJC_LITERAL_CONVERSION = YES;
				CLANG_WARN_OBJC_ROOT_CLASS = YES_ERROR;
				CLANG_WARN_QUOTED_INCLUDE_IN_FRAMEWORK_HEADER = YES;
				CLANG_WARN_RANGE_LOOP_ANALYSIS = YES;
				CLANG_WARN_STRICT_PROTOTYPES = YES;
				CLANG_WARN_SUSPICIOUS_MOVE = YES;
				CLANG_WARN_UNGUARDED_AVAILABILITY = YES_AGGRESSIVE;
				CLANG_WARN_UNREACHABLE_CODE = YES;
				CLANG_WARN__DUPLICATE_METHOD_MATCH = YES;
				COPY_PHASE_STRIP = NO;
				DEBUG_INFORMATION_FORMAT = "dwarf-with-dsym";
				ENABLE_NS_ASSERTIONS = NO;
				ENABLE_STRICT_OBJC_MSGSEND = YES;
				GCC_C_LANGUAGE_STANDARD = gnu11;
				GCC_NO_COMMON_BLOCKS = YES;
				GCC_WARN_64_TO_32_BIT_CONVERSION = YES;
				GCC_WARN_ABOUT_RETURN_TYPE = YES_ERROR;
				GCC_WARN_UNDECLARED_SELECTOR = YES;
				GCC_WARN_UNINITIALIZED_AUTOS = YES_AGGRESSIVE;
				GCC_WARN_UNUSED_FUNCTION = YES;
				GCC_WARN_UNUSED_VARIABLE = YES;
				IPHONEOS_DEPLOYMENT_TARGET = 14.1;
				MTL_ENABLE_DEBUG_INFO = NO;
				MTL_FAST_MATH = YES;
				SDKROOT = iphoneos;
				SWIFT_COMPILATION_MODE = wholemodule;
				SWIFT_OPTIMIZATION_LEVEL = "-O";
				VALIDATE_PRODUCT = YES;
			};
			name = Release;
		};
		D488E05A254431AE00691AD7 /* Debug */ = {
			isa = XCBuildConfiguration;
			buildSettings = {
				ASSETCATALOG_COMPILER_APPICON_NAME = AppIcon;
				ASSETCATALOG_COMPILER_GLOBAL_ACCENT_COLOR_NAME = AccentColor;
				CODE_SIGN_ENTITLEMENTS = UltimatePortfolio/UltimatePortfolio.entitlements;
				CODE_SIGN_STYLE = Automatic;
				DEVELOPMENT_ASSET_PATHS = "\"UltimatePortfolio/Preview Content\"";
				DEVELOPMENT_TEAM = 59WWV9M44C;
				ENABLE_PREVIEWS = YES;
				INFOPLIST_FILE = UltimatePortfolio/Info.plist;
				IPHONEOS_DEPLOYMENT_TARGET = 14.0;
				LD_RUNPATH_SEARCH_PATHS = (
					"$(inherited)",
					"@executable_path/Frameworks",
				);
				PRODUCT_BUNDLE_IDENTIFIER = Watson.Gary.UltimatePortfolio;
				PRODUCT_NAME = "$(TARGET_NAME)";
				SWIFT_VERSION = 5.0;
				TARGETED_DEVICE_FAMILY = "1,2";
			};
			name = Debug;
		};
		D488E05B254431AE00691AD7 /* Release */ = {
			isa = XCBuildConfiguration;
			buildSettings = {
				ASSETCATALOG_COMPILER_APPICON_NAME = AppIcon;
				ASSETCATALOG_COMPILER_GLOBAL_ACCENT_COLOR_NAME = AccentColor;
				CODE_SIGN_ENTITLEMENTS = UltimatePortfolio/UltimatePortfolio.entitlements;
				CODE_SIGN_STYLE = Automatic;
				DEVELOPMENT_ASSET_PATHS = "\"UltimatePortfolio/Preview Content\"";
				DEVELOPMENT_TEAM = 59WWV9M44C;
				ENABLE_PREVIEWS = YES;
				INFOPLIST_FILE = UltimatePortfolio/Info.plist;
				IPHONEOS_DEPLOYMENT_TARGET = 14.0;
				LD_RUNPATH_SEARCH_PATHS = (
					"$(inherited)",
					"@executable_path/Frameworks",
				);
				PRODUCT_BUNDLE_IDENTIFIER = Watson.Gary.UltimatePortfolio;
				PRODUCT_NAME = "$(TARGET_NAME)";
				SWIFT_VERSION = 5.0;
				TARGETED_DEVICE_FAMILY = "1,2";
			};
			name = Release;
		};
		D4A42AAD25AF01960020DAE4 /* Debug */ = {
			isa = XCBuildConfiguration;
			buildSettings = {
				BUNDLE_LOADER = "$(TEST_HOST)";
				CODE_SIGN_STYLE = Automatic;
				DEVELOPMENT_TEAM = 59WWV9M44C;
				INFOPLIST_FILE = UltimatePortfolioTests/Info.plist;
				IPHONEOS_DEPLOYMENT_TARGET = 14.3;
				LD_RUNPATH_SEARCH_PATHS = (
					"$(inherited)",
					"@executable_path/Frameworks",
					"@loader_path/Frameworks",
				);
				PRODUCT_BUNDLE_IDENTIFIER = Watson.Gary.UltimatePortfolioTests;
				PRODUCT_NAME = "$(TARGET_NAME)";
				SWIFT_VERSION = 5.0;
				TARGETED_DEVICE_FAMILY = "1,2";
				TEST_HOST = "$(BUILT_PRODUCTS_DIR)/UltimatePortfolio.app/UltimatePortfolio";
			};
			name = Debug;
		};
		D4A42AAE25AF01960020DAE4 /* Release */ = {
			isa = XCBuildConfiguration;
			buildSettings = {
				BUNDLE_LOADER = "$(TEST_HOST)";
				CODE_SIGN_STYLE = Automatic;
				DEVELOPMENT_TEAM = 59WWV9M44C;
				INFOPLIST_FILE = UltimatePortfolioTests/Info.plist;
				IPHONEOS_DEPLOYMENT_TARGET = 14.3;
				LD_RUNPATH_SEARCH_PATHS = (
					"$(inherited)",
					"@executable_path/Frameworks",
					"@loader_path/Frameworks",
				);
				PRODUCT_BUNDLE_IDENTIFIER = Watson.Gary.UltimatePortfolioTests;
				PRODUCT_NAME = "$(TARGET_NAME)";
				SWIFT_VERSION = 5.0;
				TARGETED_DEVICE_FAMILY = "1,2";
				TEST_HOST = "$(BUILT_PRODUCTS_DIR)/UltimatePortfolio.app/UltimatePortfolio";
			};
			name = Release;
		};
/* End XCBuildConfiguration section */

/* Begin XCConfigurationList section */
		D488E045254431AD00691AD7 /* Build configuration list for PBXProject "UltimatePortfolio" */ = {
			isa = XCConfigurationList;
			buildConfigurations = (
				D488E057254431AE00691AD7 /* Debug */,
				D488E058254431AE00691AD7 /* Release */,
			);
			defaultConfigurationIsVisible = 0;
			defaultConfigurationName = Debug;
		};
		D488E059254431AE00691AD7 /* Build configuration list for PBXNativeTarget "UltimatePortfolio" */ = {
			isa = XCConfigurationList;
			buildConfigurations = (
				D488E05A254431AE00691AD7 /* Debug */,
				D488E05B254431AE00691AD7 /* Release */,
			);
			defaultConfigurationIsVisible = 0;
			defaultConfigurationName = Debug;
		};
		D4A42AAF25AF01960020DAE4 /* Build configuration list for PBXNativeTarget "UltimatePortfolioTests" */ = {
			isa = XCConfigurationList;
			buildConfigurations = (
				D4A42AAD25AF01960020DAE4 /* Debug */,
				D4A42AAE25AF01960020DAE4 /* Release */,
			);
			defaultConfigurationIsVisible = 0;
			defaultConfigurationName = Debug;
		};
/* End XCConfigurationList section */

/* Begin XCVersionGroup section */
		D488E05D2544359600691AD7 /* Main.xcdatamodeld */ = {
			isa = XCVersionGroup;
			children = (
				D488E05E2544359600691AD7 /* Main.xcdatamodel */,
			);
			currentVersion = D488E05E2544359600691AD7 /* Main.xcdatamodel */;
			path = Main.xcdatamodeld;
			sourceTree = "<group>";
			versionGroupType = wrapper.xcdatamodel;
		};
/* End XCVersionGroup section */
	};
	rootObject = D488E042254431AD00691AD7 /* Project object */;
}
